
Microsoft Visual Studio Solution File, Format Version 12.00
# Visual Studio 15
VisualStudioVersion = 15.0.28010.2026
MinimumVisualStudioVersion = 10.0.40219.1
Project("{159641D6-6404-4A2A-AE62-294DE0FE8301}") = "ETL-heart", "ETL-heart.dtproj", "{02FBB8BE-94AC-45A0-8957-99005A1931CB}"
EndProject
Global
	GlobalSection(SolutionConfigurationPlatforms) = preSolution
		Development|Default = Development|Default
	EndGlobalSection
	GlobalSection(ProjectConfigurationPlatforms) = postSolution
		{02FBB8BE-94AC-45A0-8957-99005A1931CB}.Development|Default.ActiveCfg = Development
		{02FBB8BE-94AC-45A0-8957-99005A1931CB}.Development|Default.Build.0 = Development
	EndGlobalSection
	GlobalSection(SolutionProperties) = preSolution
		HideSolutionNode = FALSE
	EndGlobalSection
	GlobalSection(ExtensibilityGlobals) = postSolution
		SolutionGuid = {FCDD1C0B-F1F3-4692-A8BC-C3A8D7187ABA}
	EndGlobalSection
EndGlobal
